{
  "nodes": {
    "broadcom-bt-firmware": {
      "flake": false,
      "locked": {
        "lastModified": 1708004034,
        "narHash": "sha256-/zCs9eQcpedzFDHOmVlfsseGmtX8iV5MvVGviO9XI00=",
        "owner": "winterheart",
        "repo": "broadcom-bt-firmware",
        "rev": "3b7cff924bd0280cd332be47fed32b0a00d002c6",
        "type": "github"
      },
      "original": {
        "owner": "winterheart",
        "repo": "broadcom-bt-firmware",
        "type": "github"
      }
    },
    "nixpkgs": {
      "locked": {
        "lastModified": 1770770419,
        "narHash": "sha256-iKZMkr6Cm9JzWlRYW/VPoL0A9jVKtZYiU4zSrVeetIs=",
        "owner": "NixOS",
        "repo": "nixpkgs",
        "rev": "6c5e707c6b5339359a9a9e215c5e66d6d802fd7a",
        "type": "github"
      },
      "original": {
        "owner": "NixOS",
        "ref": "nixos-25.11",
        "repo": "nixpkgs",
        "type": "github"
      }
    },
    "root": {
      "inputs": {
        "broadcom-bt-firmware": "broadcom-bt-firmware",
        "nixpkgs": "nixpkgs"
      }
    }
  },
  "root": "root",
  "version": 7
}
